{
  "pins" : [
    {
      "identity" : "differentiation",
      "kind" : "remoteSourceControl",
      "location" : "https://github.com/philipturner/differentiation",
      "state" : {
        "branch" : "main",
        "revision" : "3c6595970d1dd03bba5fbca054e1970cc4766129"
      }
    }
  ],
  "version" : 2
}
